Microsoft Visual Studio Solution File, Format Version 12.00
# Visual Studio 15
VisualStudioVersion = 15.0.26124.0
MinimumVisualStudioVersion = 15.0.26124.0
Project("{9A19103F-16F7-4668-BE54-9A1E7A4F7556}") = "NULASpider.CSharp", "NULASpider.CSharp\NULASpider.CSharp.csproj", "{274A1DDC-799B-49E3-BA85-FA5A809A09BC}"
EndProject
Project("{9A19103F-16F7-4668-BE54-9A1E7A4F7556}") = "NULASpider.Test.CSharp", "NULASpider.Test.CSharp\NULASpider.Test.CSharp.csproj", "{B6820356-E1F5-4870-9183-B3D0E24F2935}"
EndProject
Project("{9A19103F-16F7-4668-BE54-9A1E7A4F7556}") = "NULASpider.Test.PHP", "NULASpider.Test.PHP\NULASpider.Test.PHP.msbuildproj", "{A22CE5AF-91C7-4803-9231-5BB48003F6AE}"
EndProject
Project("{13B669BE-BB05-4DDF-9536-439F39A36129}") = "NULASpider.PHP", "NULASpider.PHP\NULASpider.PHP.msbuildproj", "{9B756E49-62DE-43EE-83DF-607BF525F904}"
EndProject
Project("{2150E333-8FDC-42A3-9474-1A3956D46DE8}") = "Build", "Build", "{A179B1F6-18AC-4CBC-92C6-D7FA42C9F113}"
	ProjectSection(SolutionItems) = preProject
		Build\scripts\build-docs.sh = Build\scripts\build-docs.sh
		Build\scripts\build-peachpie.sh = Build\scripts\build-peachpie.sh
		Build\scripts\publish-multi-targets.sh = Build\scripts\publish-multi-targets.sh
	EndProjectSection
EndProject
Project("{2150E333-8FDC-42A3-9474-1A3956D46DE8}") = "Tests", "Tests", "{BC1CD67B-2D8C-4107-A75D-989B7DDD276A}"
EndProject
Global
	GlobalSection(SolutionConfigurationPlatforms) = preSolution
		Debug|Any CPU = Debug|Any CPU
		Debug|x64 = Debug|x64
		Debug|x86 = Debug|x86
		Release|Any CPU = Release|Any CPU
		Release|x64 = Release|x64
		Release|x86 = Release|x86
	EndGlobalSection
	GlobalSection(ProjectConfigurationPlatforms) = postSolution
		{274A1DDC-799B-49E3-BA85-FA5A809A09BC}.Debug|Any CPU.ActiveCfg = Debug|Any CPU
		{274A1DDC-799B-49E3-BA85-FA5A809A09BC}.Debug|Any CPU.Build.0 = Debug|Any CPU
		{274A1DDC-799B-49E3-BA85-FA5A809A09BC}.Debug|x64.ActiveCfg = Debug|Any CPU
		{274A1DDC-799B-49E3-BA85-FA5A809A09BC}.Debug|x64.Build.0 = Debug|Any CPU
		{274A1DDC-799B-49E3-BA85-FA5A809A09BC}.Debug|x86.ActiveCfg = Debug|Any CPU
		{274A1DDC-799B-49E3-BA85-FA5A809A09BC}.Debug|x86.Build.0 = Debug|Any CPU
		{274A1DDC-799B-49E3-BA85-FA5A809A09BC}.Release|Any CPU.ActiveCfg = Release|Any CPU
		{274A1DDC-799B-49E3-BA85-FA5A809A09BC}.Release|Any CPU.Build.0 = Release|Any CPU
		{274A1DDC-799B-49E3-BA85-FA5A809A09BC}.Release|x64.ActiveCfg = Release|Any CPU
		{274A1DDC-799B-49E3-BA85-FA5A809A09BC}.Release|x64.Build.0 = Release|Any CPU
		{274A1DDC-799B-49E3-BA85-FA5A809A09BC}.Release|x86.ActiveCfg = Release|Any CPU
		{274A1DDC-799B-49E3-BA85-FA5A809A09BC}.Release|x86.Build.0 = Release|Any CPU
		{B6820356-E1F5-4870-9183-B3D0E24F2935}.Debug|Any CPU.ActiveCfg = Debug|Any CPU
		{B6820356-E1F5-4870-9183-B3D0E24F2935}.Debug|Any CPU.Build.0 = Debug|Any CPU
		{B6820356-E1F5-4870-9183-B3D0E24F2935}.Debug|x64.ActiveCfg = Debug|Any CPU
		{B6820356-E1F5-4870-9183-B3D0E24F2935}.Debug|x64.Build.0 = Debug|Any CPU
		{B6820356-E1F5-4870-9183-B3D0E24F2935}.Debug|x86.ActiveCfg = Debug|Any CPU
		{B6820356-E1F5-4870-9183-B3D0E24F2935}.Debug|x86.Build.0 = Debug|Any CPU
		{B6820356-E1F5-4870-9183-B3D0E24F2935}.Release|Any CPU.ActiveCfg = Release|Any CPU
		{B6820356-E1F5-4870-9183-B3D0E24F2935}.Release|Any CPU.Build.0 = Release|Any CPU
		{B6820356-E1F5-4870-9183-B3D0E24F2935}.Release|x64.ActiveCfg = Release|Any CPU
		{B6820356-E1F5-4870-9183-B3D0E24F2935}.Release|x64.Build.0 = Release|Any CPU
		{B6820356-E1F5-4870-9183-B3D0E24F2935}.Release|x86.ActiveCfg = Release|Any CPU
		{B6820356-E1F5-4870-9183-B3D0E24F2935}.Release|x86.Build.0 = Release|Any CPU
		{A22CE5AF-91C7-4803-9231-5BB48003F6AE}.Debug|Any CPU.ActiveCfg = Debug|Any CPU
		{A22CE5AF-91C7-4803-9231-5BB48003F6AE}.Debug|Any CPU.Build.0 = Debug|Any CPU
		{A22CE5AF-91C7-4803-9231-5BB48003F6AE}.Debug|x64.ActiveCfg = Debug|Any CPU
		{A22CE5AF-91C7-4803-9231-5BB48003F6AE}.Debug|x64.Build.0 = Debug|Any CPU
		{A22CE5AF-91C7-4803-9231-5BB48003F6AE}.Debug|x86.ActiveCfg = Debug|Any CPU
		{A22CE5AF-91C7-4803-9231-5BB48003F6AE}.Debug|x86.Build.0 = Debug|Any CPU
		{A22CE5AF-91C7-4803-9231-5BB48003F6AE}.Release|Any CPU.ActiveCfg = Release|Any CPU
		{A22CE5AF-91C7-4803-9231-5BB48003F6AE}.Release|Any CPU.Build.0 = Release|Any CPU
		{A22CE5AF-91C7-4803-9231-5BB48003F6AE}.Release|x64.ActiveCfg = Release|Any CPU
		{A22CE5AF-91C7-4803-9231-5BB48003F6AE}.Release|x64.Build.0 = Release|Any CPU
		{A22CE5AF-91C7-4803-9231-5BB48003F6AE}.Release|x86.ActiveCfg = Release|Any CPU
		{A22CE5AF-91C7-4803-9231-5BB48003F6AE}.Release|x86.Build.0 = Release|Any CPU
		{9B756E49-62DE-43EE-83DF-607BF525F904}.Debug|Any CPU.ActiveCfg = Debug|Any CPU
		{9B756E49-62DE-43EE-83DF-607BF525F904}.Debug|Any CPU.Build.0 = Debug|Any CPU
		{9B756E49-62DE-43EE-83DF-607BF525F904}.Debug|x64.ActiveCfg = Debug|Any CPU
		{9B756E49-62DE-43EE-83DF-607BF525F904}.Debug|x64.Build.0 = Debug|Any CPU
		{9B756E49-62DE-43EE-83DF-607BF525F904}.Debug|x86.ActiveCfg = Debug|Any CPU
		{9B756E49-62DE-43EE-83DF-607BF525F904}.Debug|x86.Build.0 = Debug|Any CPU
		{9B756E49-62DE-43EE-83DF-607BF525F904}.Release|Any CPU.ActiveCfg = Release|Any CPU
		{9B756E49-62DE-43EE-83DF-607BF525F904}.Release|Any CPU.Build.0 = Release|Any CPU
		{9B756E49-62DE-43EE-83DF-607BF525F904}.Release|x64.ActiveCfg = Release|Any CPU
		{9B756E49-62DE-43EE-83DF-607BF525F904}.Release|x64.Build.0 = Release|Any CPU
		{9B756E49-62DE-43EE-83DF-607BF525F904}.Release|x86.ActiveCfg = Release|Any CPU
		{9B756E49-62DE-43EE-83DF-607BF525F904}.Release|x86.Build.0 = Release|Any CPU
	EndGlobalSection
	GlobalSection(SolutionProperties) = preSolution
		HideSolutionNode = FALSE
	EndGlobalSection
	GlobalSection(NestedProjects) = preSolution
		{B6820356-E1F5-4870-9183-B3D0E24F2935} = {BC1CD67B-2D8C-4107-A75D-989B7DDD276A}
		{A22CE5AF-91C7-4803-9231-5BB48003F6AE} = {BC1CD67B-2D8C-4107-A75D-989B7DDD276A}
	EndGlobalSection
	GlobalSection(ExtensibilityGlobals) = postSolution
		SolutionGuid = {F13F5480-E48C-4C5E-81C1-E54EE7729EBD}
	EndGlobalSection
EndGlobal
