{
    "_readme": [
        "This file locks the dependencies of your project to a known state",
        "Read more about it at https://getcomposer.org/doc/01-basic-usage.md#installing-dependencies",
        "This file is @generated automatically"
    ],
    "content-hash": "c88483b95e5a17686c676adf626670da",
    "packages": [
        {
            "name": "ezsql/ezsql",
            "version": "3.0.10",
            "source": {
                "type": "git",
                "url": "https://github.com/ezSQL/ezSQL.git",
                "reference": "5db3f80ae0ff1684f18cf8b93fd69115062b43dd"
            },
            "dist": {
                "type": "zip",
                "url": "https://api.github.com/repos/ezSQL/ezSQL/zipball/5db3f80ae0ff1684f18cf8b93fd69115062b43dd",
                "reference": "5db3f80ae0ff1684f18cf8b93fd69115062b43dd",
                "shasum": "",
                "mirrors": [
                    {
                        "url": "https://dl.laravel-china.org/%package%/%reference%.%type%",
                        "preferred": true
                    }
                ]
            },
            "require": {
                "php": ">5.6"
            },
            "require-dev": {
                "php-coveralls/php-coveralls": "^2.1",
                "phpunit/phpunit": ">5.7.0"
            },
            "type": "library",
            "autoload": {
                "files": [
                    "ez_sql_loader.php"
                ]
            },
            "notification-url": "https://packagist.org/downloads/",
            "license": [
                "LGPL-3.0-or-later"
            ],
            "authors": [
                {
                    "name": "Justin Vincent",
                    "email": "webmaster@justinvincent.com"
                },
                {
                    "name": "Stefanie Janine Stoelting",
                    "email": "mail@stefanie-stoelting.de"
                },
                {
                    "name": "l. stubbs",
                    "email": "lstubbs@technoexpress.net"
                }
            ],
            "description": "Advance database access layer PHP 5.6+ class. Make interacting with a database ridiculously easy.",
            "keywords": [
                "abstraction",
                "database",
                "dba",
                "mssql",
                "mysqli",
                "pdo",
                "postgres",
                "sqlite"
            ],
            "time": "2018-09-25T21:39:33+00:00"
        },
        {
            "name": "liesauer/get-middle-text",
            "version": "v1.0",
            "source": {
                "type": "git",
                "url": "https://github.com/liesauer/getMiddleText.git",
                "reference": "893fd3c39d14c2daf047191390d94943f0618898"
            },
            "dist": {
                "type": "zip",
                "url": "https://api.github.com/repos/liesauer/getMiddleText/zipball/893fd3c39d14c2daf047191390d94943f0618898",
                "reference": "893fd3c39d14c2daf047191390d94943f0618898",
                "shasum": "",
                "mirrors": [
                    {
                        "url": "https://dl.laravel-china.org/%package%/%reference%.%type%",
                        "preferred": true
                    }
                ]
            },
            "type": "library",
            "autoload": {
                "files": [
                    "src/getMiddleText.php"
                ]
            },
            "notification-url": "https://packagist.org/downloads/",
            "license": [
                "MIT"
            ],
            "description": "getMiddleText",
            "time": "2017-09-15T10:45:29+00:00"
        },
        {
            "name": "liesauer/kodmcrypt",
            "version": "v1.1.1",
            "source": {
                "type": "git",
                "url": "https://github.com/liesauer/KODMcrypt.git",
                "reference": "a42946d04bb2d781fde6ece3f7ab97d26487485a"
            },
            "dist": {
                "type": "zip",
                "url": "https://api.github.com/repos/liesauer/KODMcrypt/zipball/a42946d04bb2d781fde6ece3f7ab97d26487485a",
                "reference": "a42946d04bb2d781fde6ece3f7ab97d26487485a",
                "shasum": "",
                "mirrors": [
                    {
                        "url": "https://dl.laravel-china.org/%package%/%reference%.%type%",
                        "preferred": true
                    }
                ]
            },
            "type": "library",
            "autoload": {
                "psr-4": {
                    "": "src/"
                }
            },
            "notification-url": "https://packagist.org/downloads/",
            "license": [
                "GPL-3.0"
            ],
            "time": "2018-07-21T06:20:25+00:00"
        },
        {
            "name": "liesauer/simple-http-client",
            "version": "v1.2.1",
            "source": {
                "type": "git",
                "url": "https://github.com/liesauer/SimpleHttpClient.git",
                "reference": "e9e3ea0f1fcc9d55af0fd03afbdeba41fb36cb9a"
            },
            "dist": {
                "type": "zip",
                "url": "https://api.github.com/repos/liesauer/SimpleHttpClient/zipball/e9e3ea0f1fcc9d55af0fd03afbdeba41fb36cb9a",
                "reference": "e9e3ea0f1fcc9d55af0fd03afbdeba41fb36cb9a",
                "shasum": "",
                "mirrors": [
                    {
                        "url": "https://dl.laravel-china.org/%package%/%reference%.%type%",
                        "preferred": true
                    }
                ]
            },
            "require": {
                "ext-curl": "*"
            },
            "type": "library",
            "autoload": {
                "psr-4": {
                    "liesauer\\": "src/"
                }
            },
            "notification-url": "https://packagist.org/downloads/",
            "license": [
                "MIT"
            ],
            "description": "SimpleHttpClient",
            "time": "2018-08-13T14:35:30+00:00"
        },
        {
            "name": "nulastudio/middleware",
            "version": "v1.2",
            "source": {
                "type": "git",
                "url": "https://github.com/nulastudio/middleware.git",
                "reference": "8c8fe23489f7bf71cb54e742af4cc4f30f9eb443"
            },
            "dist": {
                "type": "zip",
                "url": "https://api.github.com/repos/nulastudio/middleware/zipball/8c8fe23489f7bf71cb54e742af4cc4f30f9eb443",
                "reference": "8c8fe23489f7bf71cb54e742af4cc4f30f9eb443",
                "shasum": "",
                "mirrors": [
                    {
                        "url": "https://dl.laravel-china.org/%package%/%reference%.%type%",
                        "preferred": true
                    }
                ]
            },
            "require": {
                "php": ">=5.6"
            },
            "type": "library",
            "autoload": {
                "psr-4": {
                    "nulastudio\\": "src/"
                }
            },
            "notification-url": "https://packagist.org/downloads/",
            "license": [
                "MIT"
            ],
            "keywords": [
                "middleware",
                "nulastudio"
            ],
            "time": "2018-07-12T02:36:45+00:00"
        },
        {
            "name": "pguardiario/phpuri",
            "version": "1.0",
            "source": {
                "type": "git",
                "url": "https://github.com/monkeysuffrage/phpuri.git",
                "reference": "ad0a5ec033fe616cfef55578b9c7f2458be8fbfc"
            },
            "dist": {
                "type": "zip",
                "url": "https://api.github.com/repos/monkeysuffrage/phpuri/zipball/ad0a5ec033fe616cfef55578b9c7f2458be8fbfc",
                "reference": "ad0a5ec033fe616cfef55578b9c7f2458be8fbfc",
                "shasum": "",
                "mirrors": [
                    {
                        "url": "https://dl.laravel-china.org/%package%/%reference%.%type%",
                        "preferred": true
                    }
                ]
            },
            "type": "project",
            "autoload": {
                "files": [
                    "phpuri.php"
                ]
            },
            "notification-url": "https://packagist.org/downloads/",
            "description": "A php library for converting relative urls to absolute.",
            "time": "2015-05-24T09:13:17+00:00"
        },
        {
            "name": "psr/container",
            "version": "1.0.0",
            "source": {
                "type": "git",
                "url": "https://github.com/php-fig/container.git",
                "reference": "b7ce3b176482dbbc1245ebf52b181af44c2cf55f"
            },
            "dist": {
                "type": "zip",
                "url": "https://api.github.com/repos/php-fig/container/zipball/b7ce3b176482dbbc1245ebf52b181af44c2cf55f",
                "reference": "b7ce3b176482dbbc1245ebf52b181af44c2cf55f",
                "shasum": "",
                "mirrors": [
                    {
                        "url": "https://dl.laravel-china.org/%package%/%reference%.%type%",
                        "preferred": true
                    }
                ]
            },
            "require": {
                "php": ">=5.3.0"
            },
            "type": "library",
            "extra": {
                "branch-alias": {
                    "dev-master": "1.0.x-dev"
                }
            },
            "autoload": {
                "psr-4": {
                    "Psr\\Container\\": "src/"
                }
            },
            "notification-url": "https://packagist.org/downloads/",
            "license": [
                "MIT"
            ],
            "authors": [
                {
                    "name": "PHP-FIG",
                    "homepage": "http://www.php-fig.org/"
                }
            ],
            "description": "Common Container Interface (PHP FIG PSR-11)",
            "homepage": "https://github.com/php-fig/container",
            "keywords": [
                "PSR-11",
                "container",
                "container-interface",
                "container-interop",
                "psr"
            ],
            "time": "2017-02-14T16:28:37+00:00"
        },
        {
            "name": "psr/http-message",
            "version": "1.0.1",
            "source": {
                "type": "git",
                "url": "https://github.com/php-fig/http-message.git",
                "reference": "f6561bf28d520154e4b0ec72be95418abe6d9363"
            },
            "dist": {
                "type": "zip",
                "url": "https://api.github.com/repos/php-fig/http-message/zipball/f6561bf28d520154e4b0ec72be95418abe6d9363",
                "reference": "f6561bf28d520154e4b0ec72be95418abe6d9363",
                "shasum": "",
                "mirrors": [
                    {
                        "url": "https://dl.laravel-china.org/%package%/%reference%.%type%",
                        "preferred": true
                    }
                ]
            },
            "require": {
                "php": ">=5.3.0"
            },
            "type": "library",
            "extra": {
                "branch-alias": {
                    "dev-master": "1.0.x-dev"
                }
            },
            "autoload": {
                "psr-4": {
                    "Psr\\Http\\Message\\": "src/"
                }
            },
            "notification-url": "https://packagist.org/downloads/",
            "license": [
                "MIT"
            ],
            "authors": [
                {
                    "name": "PHP-FIG",
                    "homepage": "http://www.php-fig.org/"
                }
            ],
            "description": "Common interface for HTTP messages",
            "homepage": "https://github.com/php-fig/http-message",
            "keywords": [
                "http",
                "http-message",
                "psr",
                "psr-7",
                "request",
                "response"
            ],
            "time": "2016-08-06T14:39:51+00:00"
        },
        {
            "name": "psr/log",
            "version": "1.1.0",
            "source": {
                "type": "git",
                "url": "https://github.com/php-fig/log.git",
                "reference": "6c001f1daafa3a3ac1d8ff69ee4db8e799a654dd"
            },
            "dist": {
                "type": "zip",
                "url": "https://api.github.com/repos/php-fig/log/zipball/6c001f1daafa3a3ac1d8ff69ee4db8e799a654dd",
                "reference": "6c001f1daafa3a3ac1d8ff69ee4db8e799a654dd",
                "shasum": "",
                "mirrors": [
                    {
                        "url": "https://dl.laravel-china.org/%package%/%reference%.%type%",
                        "preferred": true
                    }
                ]
            },
            "require": {
                "php": ">=5.3.0"
            },
            "type": "library",
            "extra": {
                "branch-alias": {
                    "dev-master": "1.0.x-dev"
                }
            },
            "autoload": {
                "psr-4": {
                    "Psr\\Log\\": "Psr/Log/"
                }
            },
            "notification-url": "https://packagist.org/downloads/",
            "license": [
                "MIT"
            ],
            "authors": [
                {
                    "name": "PHP-FIG",
                    "homepage": "http://www.php-fig.org/"
                }
            ],
            "description": "Common interface for logging libraries",
            "homepage": "https://github.com/php-fig/log",
            "keywords": [
                "log",
                "psr",
                "psr-3"
            ],
            "time": "2018-11-20T15:27:04+00:00"
        },
        {
            "name": "sabre/uri",
            "version": "2.1.1",
            "source": {
                "type": "git",
                "url": "https://github.com/sabre-io/uri.git",
                "reference": "a42126042c7dcb53e2978dadb6d22574d1359b4c"
            },
            "dist": {
                "type": "zip",
                "url": "https://api.github.com/repos/sabre-io/uri/zipball/a42126042c7dcb53e2978dadb6d22574d1359b4c",
                "reference": "a42126042c7dcb53e2978dadb6d22574d1359b4c",
                "shasum": "",
                "mirrors": [
                    {
                        "url": "https://dl.laravel-china.org/%package%/%reference%.%type%",
                        "preferred": true
                    }
                ]
            },
            "require": {
                "php": ">=7"
            },
            "require-dev": {
                "phpunit/phpunit": "^6.0",
                "sabre/cs": "~1.0.0"
            },
            "type": "library",
            "autoload": {
                "files": [
                    "lib/functions.php"
                ],
                "psr-4": {
                    "Sabre\\Uri\\": "lib/"
                }
            },
            "notification-url": "https://packagist.org/downloads/",
            "license": [
                "BSD-3-Clause"
            ],
            "authors": [
                {
                    "name": "Evert Pot",
                    "email": "me@evertpot.com",
                    "homepage": "http://evertpot.com/",
                    "role": "Developer"
                }
            ],
            "description": "Functions for making sense out of URIs.",
            "homepage": "http://sabre.io/uri/",
            "keywords": [
                "rfc3986",
                "uri",
                "url"
            ],
            "time": "2017-02-20T20:02:35+00:00"
        }
    ],
    "packages-dev": [],
    "aliases": [],
    "minimum-stability": "stable",
    "stability-flags": [],
    "prefer-stable": false,
    "prefer-lowest": false,
    "platform": {
        "php": ">=7.0"
    },
    "platform-dev": []
}
